
Microsoft Visual Studio Solution File, Format Version 12.00
# Visual Studio 14
VisualStudioVersion = 14.0.25420.1
MinimumVisualStudioVersion = 10.0.40219.1
Project("{FAE04EC0-301F-11D3-BF4B-00C04F79EFBC}") = "EncryptDemo", "EncryptDemo\EncryptDemo.csproj", "{283D3E5F-BC45-4D5B-8646-8D5CBE2A156D}"
EndProject
Project("{FAE04EC0-301F-11D3-BF4B-00C04F79EFBC}") = "Jpush", "Jpush\Jpush.csproj", "{992FDF5F-29FA-4CFD-8598-D8F660767DB5}"
EndProject
Project("{FAE04EC0-301F-11D3-BF4B-00C04F79EFBC}") = "RedisServer", "RedisServer\RedisServer.csproj", "{468015E9-66D9-4808-A873-C1C412897FD2}"
EndProject
Project("{FAE04EC0-301F-11D3-BF4B-00C04F79EFBC}") = "RedisServer.Console", "RedisServer.Console\RedisServer.Console.csproj", "{F2C784C5-D000-41B1-9085-383026889862}"
EndProject
Project("{FAE04EC0-301F-11D3-BF4B-00C04F79EFBC}") = "MediaInfor", "MediaInfor\MediaInfor.csproj", "{0E639E0C-9D5F-4B44-A188-2395764C7DB5}"
EndProject
Project("{FAE04EC0-301F-11D3-BF4B-00C04F79EFBC}") = "SignSample", "SignSample\SignSample.csproj", "{E54FD227-5692-4C61-BE12-9BEA7CFDECAE}"
EndProject
Project("{FAE04EC0-301F-11D3-BF4B-00C04F79EFBC}") = "WCFService", "WCFService\WCFService.csproj", "{72EB482A-A906-4102-878C-28F183FD8D8A}"
EndProject
Project("{FAE04EC0-301F-11D3-BF4B-00C04F79EFBC}") = "WCFServiceConsole", "WCFServiceConsole\WCFServiceConsole.csproj", "{03CB645E-A381-48E2-B354-05EAD16C8F13}"
EndProject
Project("{FAE04EC0-301F-11D3-BF4B-00C04F79EFBC}") = "SuperSocket.Client", "SuperSocket.Client\SuperSocket.Client.csproj", "{619F257A-A916-4CA7-8A79-CC137BBAEB5B}"
EndProject
Project("{FAE04EC0-301F-11D3-BF4B-00C04F79EFBC}") = "e3net.MongodbServer", "e3net.MongodbServer\e3net.MongodbServer.csproj", "{08054A37-906B-46DB-B049-4C89DC9130F6}"
EndProject
Project("{FAE04EC0-301F-11D3-BF4B-00C04F79EFBC}") = "e3net.Common", "e3net.Common\e3net.Common.csproj", "{23ABA422-DFC0-47A3-B2F2-669FB5921E1C}"
EndProject
Project("{FAE04EC0-301F-11D3-BF4B-00C04F79EFBC}") = "WCFService.BLL", "WCFService.BLL\WCFService.BLL.csproj", "{32D674BA-CA27-424D-A92E-3FA5F95CC1BA}"
EndProject
Project("{2150E333-8FDC-42A3-9474-1A3956D46DE8}") = "WCF", "WCF", "{4B3439F0-5E6E-4512-A596-49EE423FD819}"
EndProject
Project("{2150E333-8FDC-42A3-9474-1A3956D46DE8}") = "RedisTest", "RedisTest", "{0A14A4AB-D307-4C93-A182-D1D6B31B450A}"
EndProject
Project("{2150E333-8FDC-42A3-9474-1A3956D46DE8}") = "Common", "Common", "{198EAAB5-2422-4E08-821A-CF867A6C1C12}"
EndProject
Project("{FAE04EC0-301F-11D3-BF4B-00C04F79EFBC}") = "SwaggerUITest", "SwaggerUITest\SwaggerUITest.csproj", "{53EC7607-EE52-4637-BFAE-3E0EDDC016D8}"
EndProject
Project("{FAE04EC0-301F-11D3-BF4B-00C04F79EFBC}") = "DI.Test", "DI.Test\DI.Test.csproj", "{9B9D880B-2CFB-44A5-A4EE-D16B35527EC3}"
EndProject
Project("{2150E333-8FDC-42A3-9474-1A3956D46DE8}") = "DI", "DI", "{FF80AC77-2B10-4A8D-9EC0-D092E67983BA}"
EndProject
Project("{FAE04EC0-301F-11D3-BF4B-00C04F79EFBC}") = "DI.Unity", "DI.Unity\DI.Unity.csproj", "{0478CE14-9FCB-40D6-A9A9-62C8A8CD3292}"
EndProject
Project("{FAE04EC0-301F-11D3-BF4B-00C04F79EFBC}") = "RabbitMQ.Test", "RabbitMQ.Test\RabbitMQ.Test.csproj", "{0D23CDE1-4DAF-47F3-B00C-2009155429F2}"
EndProject
Project("{2150E333-8FDC-42A3-9474-1A3956D46DE8}") = "DotNet.Practice", "DotNet.Practice", "{7D624DFC-FC72-48EF-AE77-3AA04B3283E6}"
EndProject
Project("{FAE04EC0-301F-11D3-BF4B-00C04F79EFBC}") = "ThreadTest", "Thread.Test\ThreadTest.csproj", "{546FE5B0-3364-4F46-BF0A-6E3F2BAE6796}"
EndProject
Global
	GlobalSection(SolutionConfigurationPlatforms) = preSolution
		Debug|Any CPU = Debug|Any CPU
		Release|Any CPU = Release|Any CPU
	EndGlobalSection
	GlobalSection(ProjectConfigurationPlatforms) = postSolution
		{283D3E5F-BC45-4D5B-8646-8D5CBE2A156D}.Debug|Any CPU.ActiveCfg = Debug|Any CPU
		{283D3E5F-BC45-4D5B-8646-8D5CBE2A156D}.Debug|Any CPU.Build.0 = Debug|Any CPU
		{283D3E5F-BC45-4D5B-8646-8D5CBE2A156D}.Release|Any CPU.ActiveCfg = Release|Any CPU
		{283D3E5F-BC45-4D5B-8646-8D5CBE2A156D}.Release|Any CPU.Build.0 = Release|Any CPU
		{992FDF5F-29FA-4CFD-8598-D8F660767DB5}.Debug|Any CPU.ActiveCfg = Debug|Any CPU
		{992FDF5F-29FA-4CFD-8598-D8F660767DB5}.Debug|Any CPU.Build.0 = Debug|Any CPU
		{992FDF5F-29FA-4CFD-8598-D8F660767DB5}.Release|Any CPU.ActiveCfg = Release|Any CPU
		{992FDF5F-29FA-4CFD-8598-D8F660767DB5}.Release|Any CPU.Build.0 = Release|Any CPU
		{468015E9-66D9-4808-A873-C1C412897FD2}.Debug|Any CPU.ActiveCfg = Debug|Any CPU
		{468015E9-66D9-4808-A873-C1C412897FD2}.Debug|Any CPU.Build.0 = Debug|Any CPU
		{468015E9-66D9-4808-A873-C1C412897FD2}.Release|Any CPU.ActiveCfg = Release|Any CPU
		{468015E9-66D9-4808-A873-C1C412897FD2}.Release|Any CPU.Build.0 = Release|Any CPU
		{F2C784C5-D000-41B1-9085-383026889862}.Debug|Any CPU.ActiveCfg = Debug|Any CPU
		{F2C784C5-D000-41B1-9085-383026889862}.Debug|Any CPU.Build.0 = Debug|Any CPU
		{F2C784C5-D000-41B1-9085-383026889862}.Release|Any CPU.ActiveCfg = Release|Any CPU
		{F2C784C5-D000-41B1-9085-383026889862}.Release|Any CPU.Build.0 = Release|Any CPU
		{0E639E0C-9D5F-4B44-A188-2395764C7DB5}.Debug|Any CPU.ActiveCfg = Debug|Any CPU
		{0E639E0C-9D5F-4B44-A188-2395764C7DB5}.Debug|Any CPU.Build.0 = Debug|Any CPU
		{0E639E0C-9D5F-4B44-A188-2395764C7DB5}.Release|Any CPU.ActiveCfg = Release|Any CPU
		{0E639E0C-9D5F-4B44-A188-2395764C7DB5}.Release|Any CPU.Build.0 = Release|Any CPU
		{E54FD227-5692-4C61-BE12-9BEA7CFDECAE}.Debug|Any CPU.ActiveCfg = Debug|Any CPU
		{E54FD227-5692-4C61-BE12-9BEA7CFDECAE}.Debug|Any CPU.Build.0 = Debug|Any CPU
		{E54FD227-5692-4C61-BE12-9BEA7CFDECAE}.Release|Any CPU.ActiveCfg = Release|Any CPU
		{E54FD227-5692-4C61-BE12-9BEA7CFDECAE}.Release|Any CPU.Build.0 = Release|Any CPU
		{72EB482A-A906-4102-878C-28F183FD8D8A}.Debug|Any CPU.ActiveCfg = Debug|Any CPU
		{72EB482A-A906-4102-878C-28F183FD8D8A}.Debug|Any CPU.Build.0 = Debug|Any CPU
		{72EB482A-A906-4102-878C-28F183FD8D8A}.Release|Any CPU.ActiveCfg = Release|Any CPU
		{72EB482A-A906-4102-878C-28F183FD8D8A}.Release|Any CPU.Build.0 = Release|Any CPU
		{03CB645E-A381-48E2-B354-05EAD16C8F13}.Debug|Any CPU.ActiveCfg = Debug|Any CPU
		{03CB645E-A381-48E2-B354-05EAD16C8F13}.Debug|Any CPU.Build.0 = Debug|Any CPU
		{03CB645E-A381-48E2-B354-05EAD16C8F13}.Release|Any CPU.ActiveCfg = Release|Any CPU
		{03CB645E-A381-48E2-B354-05EAD16C8F13}.Release|Any CPU.Build.0 = Release|Any CPU
		{619F257A-A916-4CA7-8A79-CC137BBAEB5B}.Debug|Any CPU.ActiveCfg = Debug|Any CPU
		{619F257A-A916-4CA7-8A79-CC137BBAEB5B}.Debug|Any CPU.Build.0 = Debug|Any CPU
		{619F257A-A916-4CA7-8A79-CC137BBAEB5B}.Release|Any CPU.ActiveCfg = Release|Any CPU
		{619F257A-A916-4CA7-8A79-CC137BBAEB5B}.Release|Any CPU.Build.0 = Release|Any CPU
		{08054A37-906B-46DB-B049-4C89DC9130F6}.Debug|Any CPU.ActiveCfg = Debug|Any CPU
		{08054A37-906B-46DB-B049-4C89DC9130F6}.Debug|Any CPU.Build.0 = Debug|Any CPU
		{08054A37-906B-46DB-B049-4C89DC9130F6}.Release|Any CPU.ActiveCfg = Release|Any CPU
		{08054A37-906B-46DB-B049-4C89DC9130F6}.Release|Any CPU.Build.0 = Release|Any CPU
		{23ABA422-DFC0-47A3-B2F2-669FB5921E1C}.Debug|Any CPU.ActiveCfg = Debug|Any CPU
		{23ABA422-DFC0-47A3-B2F2-669FB5921E1C}.Debug|Any CPU.Build.0 = Debug|Any CPU
		{23ABA422-DFC0-47A3-B2F2-669FB5921E1C}.Release|Any CPU.ActiveCfg = Release|Any CPU
		{23ABA422-DFC0-47A3-B2F2-669FB5921E1C}.Release|Any CPU.Build.0 = Release|Any CPU
		{32D674BA-CA27-424D-A92E-3FA5F95CC1BA}.Debug|Any CPU.ActiveCfg = Debug|Any CPU
		{32D674BA-CA27-424D-A92E-3FA5F95CC1BA}.Debug|Any CPU.Build.0 = Debug|Any CPU
		{32D674BA-CA27-424D-A92E-3FA5F95CC1BA}.Release|Any CPU.ActiveCfg = Release|Any CPU
		{32D674BA-CA27-424D-A92E-3FA5F95CC1BA}.Release|Any CPU.Build.0 = Release|Any CPU
		{53EC7607-EE52-4637-BFAE-3E0EDDC016D8}.Debug|Any CPU.ActiveCfg = Debug|Any CPU
		{53EC7607-EE52-4637-BFAE-3E0EDDC016D8}.Debug|Any CPU.Build.0 = Debug|Any CPU
		{53EC7607-EE52-4637-BFAE-3E0EDDC016D8}.Release|Any CPU.ActiveCfg = Release|Any CPU
		{53EC7607-EE52-4637-BFAE-3E0EDDC016D8}.Release|Any CPU.Build.0 = Release|Any CPU
		{9B9D880B-2CFB-44A5-A4EE-D16B35527EC3}.Debug|Any CPU.ActiveCfg = Debug|Any CPU
		{9B9D880B-2CFB-44A5-A4EE-D16B35527EC3}.Debug|Any CPU.Build.0 = Debug|Any CPU
		{9B9D880B-2CFB-44A5-A4EE-D16B35527EC3}.Release|Any CPU.ActiveCfg = Release|Any CPU
		{9B9D880B-2CFB-44A5-A4EE-D16B35527EC3}.Release|Any CPU.Build.0 = Release|Any CPU
		{0478CE14-9FCB-40D6-A9A9-62C8A8CD3292}.Debug|Any CPU.ActiveCfg = Debug|Any CPU
		{0478CE14-9FCB-40D6-A9A9-62C8A8CD3292}.Debug|Any CPU.Build.0 = Debug|Any CPU
		{0478CE14-9FCB-40D6-A9A9-62C8A8CD3292}.Release|Any CPU.ActiveCfg = Release|Any CPU
		{0478CE14-9FCB-40D6-A9A9-62C8A8CD3292}.Release|Any CPU.Build.0 = Release|Any CPU
		{0D23CDE1-4DAF-47F3-B00C-2009155429F2}.Debug|Any CPU.ActiveCfg = Debug|Any CPU
		{0D23CDE1-4DAF-47F3-B00C-2009155429F2}.Debug|Any CPU.Build.0 = Debug|Any CPU
		{0D23CDE1-4DAF-47F3-B00C-2009155429F2}.Release|Any CPU.ActiveCfg = Release|Any CPU
		{0D23CDE1-4DAF-47F3-B00C-2009155429F2}.Release|Any CPU.Build.0 = Release|Any CPU
		{546FE5B0-3364-4F46-BF0A-6E3F2BAE6796}.Debug|Any CPU.ActiveCfg = Debug|Any CPU
		{546FE5B0-3364-4F46-BF0A-6E3F2BAE6796}.Debug|Any CPU.Build.0 = Debug|Any CPU
		{546FE5B0-3364-4F46-BF0A-6E3F2BAE6796}.Release|Any CPU.ActiveCfg = Release|Any CPU
		{546FE5B0-3364-4F46-BF0A-6E3F2BAE6796}.Release|Any CPU.Build.0 = Release|Any CPU
	EndGlobalSection
	GlobalSection(SolutionProperties) = preSolution
		HideSolutionNode = FALSE
	EndGlobalSection
	GlobalSection(NestedProjects) = preSolution
		{468015E9-66D9-4808-A873-C1C412897FD2} = {0A14A4AB-D307-4C93-A182-D1D6B31B450A}
		{F2C784C5-D000-41B1-9085-383026889862} = {0A14A4AB-D307-4C93-A182-D1D6B31B450A}
		{72EB482A-A906-4102-878C-28F183FD8D8A} = {4B3439F0-5E6E-4512-A596-49EE423FD819}
		{03CB645E-A381-48E2-B354-05EAD16C8F13} = {4B3439F0-5E6E-4512-A596-49EE423FD819}
		{08054A37-906B-46DB-B049-4C89DC9130F6} = {198EAAB5-2422-4E08-821A-CF867A6C1C12}
		{23ABA422-DFC0-47A3-B2F2-669FB5921E1C} = {198EAAB5-2422-4E08-821A-CF867A6C1C12}
		{32D674BA-CA27-424D-A92E-3FA5F95CC1BA} = {4B3439F0-5E6E-4512-A596-49EE423FD819}
		{9B9D880B-2CFB-44A5-A4EE-D16B35527EC3} = {FF80AC77-2B10-4A8D-9EC0-D092E67983BA}
		{0478CE14-9FCB-40D6-A9A9-62C8A8CD3292} = {FF80AC77-2B10-4A8D-9EC0-D092E67983BA}
		{546FE5B0-3364-4F46-BF0A-6E3F2BAE6796} = {7D624DFC-FC72-48EF-AE77-3AA04B3283E6}
	EndGlobalSection
EndGlobal
