
Microsoft Visual Studio Solution File, Format Version 12.00
# Visual Studio 14
VisualStudioVersion = 14.0.25420.1
MinimumVisualStudioVersion = 10.0.40219.1
Project("{FAE04EC0-301F-11D3-BF4B-00C04F79EFBC}") = "EncryptDemo", "EncryptDemo\EncryptDemo.csproj", "{283D3E5F-BC45-4D5B-8646-8D5CBE2A156D}"
EndProject
Project("{FAE04EC0-301F-11D3-BF4B-00C04F79EFBC}") = "Jpush", "Jpush\Jpush.csproj", "{992FDF5F-29FA-4CFD-8598-D8F660767DB5}"
EndProject
Project("{FAE04EC0-301F-11D3-BF4B-00C04F79EFBC}") = "RedisServer", "RedisServer\RedisServer.csproj", "{468015E9-66D9-4808-A873-C1C412897FD2}"
EndProject
Project("{FAE04EC0-301F-11D3-BF4B-00C04F79EFBC}") = "RedisServer.Console", "RedisServer.Console\RedisServer.Console.csproj", "{F2C784C5-D000-41B1-9085-383026889862}"
EndProject
Project("{FAE04EC0-301F-11D3-BF4B-00C04F79EFBC}") = "MediaInfor", "MediaInfor\MediaInfor.csproj", "{0E639E0C-9D5F-4B44-A188-2395764C7DB5}"
EndProject
Project("{FAE04EC0-301F-11D3-BF4B-00C04F79EFBC}") = "SignSample", "SignSample\SignSample.csproj", "{E54FD227-5692-4C61-BE12-9BEA7CFDECAE}"
EndProject
Project("{FAE04EC0-301F-11D3-BF4B-00C04F79EFBC}") = "WCFService", "WCFService\WCFService.csproj", "{72EB482A-A906-4102-878C-28F183FD8D8A}"
EndProject
Project("{FAE04EC0-301F-11D3-BF4B-00C04F79EFBC}") = "WCFServiceConsole", "WCFServiceConsole\WCFServiceConsole.csproj", "{03CB645E-A381-48E2-B354-05EAD16C8F13}"
EndProject
Project("{FAE04EC0-301F-11D3-BF4B-00C04F79EFBC}") = "SuperSocket.Client", "SuperSocket.Client\SuperSocket.Client.csproj", "{619F257A-A916-4CA7-8A79-CC137BBAEB5B}"
EndProject
Project("{FAE04EC0-301F-11D3-BF4B-00C04F79EFBC}") = "e3net.MongodbServer", "e3net.MongodbServer\e3net.MongodbServer.csproj", "{08054A37-906B-46DB-B049-4C89DC9130F6}"
EndProject
Project("{FAE04EC0-301F-11D3-BF4B-00C04F79EFBC}") = "e3net.Common", "e3net.Common\e3net.Common.csproj", "{23ABA422-DFC0-47A3-B2F2-669FB5921E1C}"
EndProject
Project("{FAE04EC0-301F-11D3-BF4B-00C04F79EFBC}") = "WCFService.BLL", "WCFService.BLL\WCFService.BLL.csproj", "{32D674BA-CA27-424D-A92E-3FA5F95CC1BA}"
EndProject
Project("{2150E333-8FDC-42A3-9474-1A3956D46DE8}") = "WCF", "WCF", "{4B3439F0-5E6E-4512-A596-49EE423FD819}"
EndProject
Project("{2150E333-8FDC-42A3-9474-1A3956D46DE8}") = "RedisTest", "RedisTest", "{0A14A4AB-D307-4C93-A182-D1D6B31B450A}"
EndProject
Project("{2150E333-8FDC-42A3-9474-1A3956D46DE8}") = "Common", "Common", "{198EAAB5-2422-4E08-821A-CF867A6C1C12}"
EndProject
Project("{FAE04EC0-301F-11D3-BF4B-00C04F79EFBC}") = "SwaggerUITest", "SwaggerUITest\SwaggerUITest.csproj", "{53EC7607-EE52-4637-BFAE-3E0EDDC016D8}"
EndProject
Project("{FAE04EC0-301F-11D3-BF4B-00C04F79EFBC}") = "DI.Test", "DI.Test\DI.Test.csproj", "{9B9D880B-2CFB-44A5-A4EE-D16B35527EC3}"
EndProject
Project("{2150E333-8FDC-42A3-9474-1A3956D46DE8}") = "DI", "DI", "{FF80AC77-2B10-4A8D-9EC0-D092E67983BA}"
EndProject
Project("{FAE04EC0-301F-11D3-BF4B-00C04F79EFBC}") = "DI.Unity", "DI.Unity\DI.Unity.csproj", "{0478CE14-9FCB-40D6-A9A9-62C8A8CD3292}"
EndProject
Project("{FAE04EC0-301F-11D3-BF4B-00C04F79EFBC}") = "RabbitMQ.Test", "RabbitMQ.Test\RabbitMQ.Test.csproj", "{0D23CDE1-4DAF-47F3-B00C-2009155429F2}"
EndProject
Project("{2150E333-8FDC-42A3-9474-1A3956D46DE8}") = "Async", "Async", "{7D624DFC-FC72-48EF-AE77-3AA04B3283E6}"
EndProject
Project("{FAE04EC0-301F-11D3-BF4B-00C04F79EFBC}") = "ThreadTest", "Thread.Test\ThreadTest.csproj", "{546FE5B0-3364-4F46-BF0A-6E3F2BAE6796}"
EndProject
Project("{2150E333-8FDC-42A3-9474-1A3956D46DE8}") = "RabbitMQ", "RabbitMQ", "{ADD2BE03-6387-4D75-9132-DAB85EDB7EC0}"
EndProject
Project("{2150E333-8FDC-42A3-9474-1A3956D46DE8}") = "ADO", "ADO", "{30F45B6B-2FC0-4648-A07C-9653C555A99A}"
EndProject
Project("{FAE04EC0-301F-11D3-BF4B-00C04F79EFBC}") = "ADO.Test", "ADO.Test\ADO.Test.csproj", "{83A28C00-E236-4886-A2E7-C7EE6CA97C1F}"
EndProject
Project("{FAE04EC0-301F-11D3-BF4B-00C04F79EFBC}") = "RMQ.Model", "RMQ.Model\RMQ.Model.csproj", "{00370FAB-1C0C-4BE3-8906-FFC8C43468D1}"
EndProject
Project("{FAE04EC0-301F-11D3-BF4B-00C04F79EFBC}") = "RMQ.Publisher", "RMQ.Publisher\RMQ.Publisher.csproj", "{6AF197D0-4918-44CD-9BA2-26B819902570}"
EndProject
Project("{FAE04EC0-301F-11D3-BF4B-00C04F79EFBC}") = "RMQ.Main", "RMQ.Main\RMQ.Main.csproj", "{FAACAE35-1B33-4D0C-8E02-DD86DC3AC5E8}"
EndProject
Project("{FAE04EC0-301F-11D3-BF4B-00C04F79EFBC}") = "RMQ.Pull", "RMQ.Pull\RMQ.Pull.csproj", "{CD9590E7-4A5C-4AD0-9368-FCB98AA9568D}"
EndProject
Project("{FAE04EC0-301F-11D3-BF4B-00C04F79EFBC}") = "RMQ.Subscriber", "RMQ.Subscriber\RMQ.Subscriber.csproj", "{727C44EC-48A1-480E-BB72-D175B6EE3835}"
EndProject
Project("{FAE04EC0-301F-11D3-BF4B-00C04F79EFBC}") = "Web.Test", "Web.Test\Web.Test.csproj", "{C71CFBC5-32CB-4C42-AA8E-50A989C794DB}"
EndProject
Project("{2150E333-8FDC-42A3-9474-1A3956D46DE8}") = "GRPC", "GRPC", "{F1FE24F9-7EB9-4F9D-A62C-03FFA05F0453}"
EndProject
Project("{FAE04EC0-301F-11D3-BF4B-00C04F79EFBC}") = "GRPC.Protobuf", "GRPC.Protobuf\GRPC.Protobuf.csproj", "{47D61B75-FFB2-4F62-B97D-490C024C50D5}"
EndProject
Project("{FAE04EC0-301F-11D3-BF4B-00C04F79EFBC}") = "gRPCServer", "gRPCServer\gRPCServer.csproj", "{6118AFEB-959C-42DA-927C-4AF603F83C1E}"
EndProject
Project("{FAE04EC0-301F-11D3-BF4B-00C04F79EFBC}") = "gRPCClient", "gRPCClient\gRPCClient.csproj", "{3A7EB8E4-B75C-48A8-B734-41AB30CA2AF4}"
EndProject
Project("{2150E333-8FDC-42A3-9474-1A3956D46DE8}") = "FastDFS", "FastDFS", "{63109015-BD78-48E9-AEF8-7C49E86A5C80}"
EndProject
Project("{FAE04EC0-301F-11D3-BF4B-00C04F79EFBC}") = "FastDFS.Test", "FastDFS.Test\FastDFS.Test.csproj", "{FE914E94-F491-42D0-B321-4C7F16F7FB29}"
EndProject
Project("{FAE04EC0-301F-11D3-BF4B-00C04F79EFBC}") = "DownloadSample", "..\DownloadRange\DownloadSample.csproj", "{EBFEC28D-131B-467F-9E0A-32A4E5ADF46F}"
EndProject
Global
	GlobalSection(SolutionConfigurationPlatforms) = preSolution
		Debug|Any CPU = Debug|Any CPU
		Debug|x86 = Debug|x86
		Release|Any CPU = Release|Any CPU
		Release|x86 = Release|x86
	EndGlobalSection
	GlobalSection(ProjectConfigurationPlatforms) = postSolution
		{283D3E5F-BC45-4D5B-8646-8D5CBE2A156D}.Debug|Any CPU.ActiveCfg = Debug|Any CPU
		{283D3E5F-BC45-4D5B-8646-8D5CBE2A156D}.Debug|Any CPU.Build.0 = Debug|Any CPU
		{283D3E5F-BC45-4D5B-8646-8D5CBE2A156D}.Debug|x86.ActiveCfg = Debug|Any CPU
		{283D3E5F-BC45-4D5B-8646-8D5CBE2A156D}.Debug|x86.Build.0 = Debug|Any CPU
		{283D3E5F-BC45-4D5B-8646-8D5CBE2A156D}.Release|Any CPU.ActiveCfg = Release|Any CPU
		{283D3E5F-BC45-4D5B-8646-8D5CBE2A156D}.Release|Any CPU.Build.0 = Release|Any CPU
		{283D3E5F-BC45-4D5B-8646-8D5CBE2A156D}.Release|x86.ActiveCfg = Release|Any CPU
		{283D3E5F-BC45-4D5B-8646-8D5CBE2A156D}.Release|x86.Build.0 = Release|Any CPU
		{992FDF5F-29FA-4CFD-8598-D8F660767DB5}.Debug|Any CPU.ActiveCfg = Debug|Any CPU
		{992FDF5F-29FA-4CFD-8598-D8F660767DB5}.Debug|Any CPU.Build.0 = Debug|Any CPU
		{992FDF5F-29FA-4CFD-8598-D8F660767DB5}.Debug|x86.ActiveCfg = Debug|Any CPU
		{992FDF5F-29FA-4CFD-8598-D8F660767DB5}.Debug|x86.Build.0 = Debug|Any CPU
		{992FDF5F-29FA-4CFD-8598-D8F660767DB5}.Release|Any CPU.ActiveCfg = Release|Any CPU
		{992FDF5F-29FA-4CFD-8598-D8F660767DB5}.Release|Any CPU.Build.0 = Release|Any CPU
		{992FDF5F-29FA-4CFD-8598-D8F660767DB5}.Release|x86.ActiveCfg = Release|Any CPU
		{992FDF5F-29FA-4CFD-8598-D8F660767DB5}.Release|x86.Build.0 = Release|Any CPU
		{468015E9-66D9-4808-A873-C1C412897FD2}.Debug|Any CPU.ActiveCfg = Debug|Any CPU
		{468015E9-66D9-4808-A873-C1C412897FD2}.Debug|Any CPU.Build.0 = Debug|Any CPU
		{468015E9-66D9-4808-A873-C1C412897FD2}.Debug|x86.ActiveCfg = Debug|Any CPU
		{468015E9-66D9-4808-A873-C1C412897FD2}.Debug|x86.Build.0 = Debug|Any CPU
		{468015E9-66D9-4808-A873-C1C412897FD2}.Release|Any CPU.ActiveCfg = Release|Any CPU
		{468015E9-66D9-4808-A873-C1C412897FD2}.Release|Any CPU.Build.0 = Release|Any CPU
		{468015E9-66D9-4808-A873-C1C412897FD2}.Release|x86.ActiveCfg = Release|Any CPU
		{468015E9-66D9-4808-A873-C1C412897FD2}.Release|x86.Build.0 = Release|Any CPU
		{F2C784C5-D000-41B1-9085-383026889862}.Debug|Any CPU.ActiveCfg = Debug|Any CPU
		{F2C784C5-D000-41B1-9085-383026889862}.Debug|Any CPU.Build.0 = Debug|Any CPU
		{F2C784C5-D000-41B1-9085-383026889862}.Debug|x86.ActiveCfg = Debug|Any CPU
		{F2C784C5-D000-41B1-9085-383026889862}.Debug|x86.Build.0 = Debug|Any CPU
		{F2C784C5-D000-41B1-9085-383026889862}.Release|Any CPU.ActiveCfg = Release|Any CPU
		{F2C784C5-D000-41B1-9085-383026889862}.Release|Any CPU.Build.0 = Release|Any CPU
		{F2C784C5-D000-41B1-9085-383026889862}.Release|x86.ActiveCfg = Release|Any CPU
		{F2C784C5-D000-41B1-9085-383026889862}.Release|x86.Build.0 = Release|Any CPU
		{0E639E0C-9D5F-4B44-A188-2395764C7DB5}.Debug|Any CPU.ActiveCfg = Debug|Any CPU
		{0E639E0C-9D5F-4B44-A188-2395764C7DB5}.Debug|Any CPU.Build.0 = Debug|Any CPU
		{0E639E0C-9D5F-4B44-A188-2395764C7DB5}.Debug|x86.ActiveCfg = Debug|Any CPU
		{0E639E0C-9D5F-4B44-A188-2395764C7DB5}.Debug|x86.Build.0 = Debug|Any CPU
		{0E639E0C-9D5F-4B44-A188-2395764C7DB5}.Release|Any CPU.ActiveCfg = Release|Any CPU
		{0E639E0C-9D5F-4B44-A188-2395764C7DB5}.Release|Any CPU.Build.0 = Release|Any CPU
		{0E639E0C-9D5F-4B44-A188-2395764C7DB5}.Release|x86.ActiveCfg = Release|Any CPU
		{0E639E0C-9D5F-4B44-A188-2395764C7DB5}.Release|x86.Build.0 = Release|Any CPU
		{E54FD227-5692-4C61-BE12-9BEA7CFDECAE}.Debug|Any CPU.ActiveCfg = Debug|Any CPU
		{E54FD227-5692-4C61-BE12-9BEA7CFDECAE}.Debug|Any CPU.Build.0 = Debug|Any CPU
		{E54FD227-5692-4C61-BE12-9BEA7CFDECAE}.Debug|x86.ActiveCfg = Debug|Any CPU
		{E54FD227-5692-4C61-BE12-9BEA7CFDECAE}.Debug|x86.Build.0 = Debug|Any CPU
		{E54FD227-5692-4C61-BE12-9BEA7CFDECAE}.Release|Any CPU.ActiveCfg = Release|Any CPU
		{E54FD227-5692-4C61-BE12-9BEA7CFDECAE}.Release|Any CPU.Build.0 = Release|Any CPU
		{E54FD227-5692-4C61-BE12-9BEA7CFDECAE}.Release|x86.ActiveCfg = Release|Any CPU
		{E54FD227-5692-4C61-BE12-9BEA7CFDECAE}.Release|x86.Build.0 = Release|Any CPU
		{72EB482A-A906-4102-878C-28F183FD8D8A}.Debug|Any CPU.ActiveCfg = Debug|Any CPU
		{72EB482A-A906-4102-878C-28F183FD8D8A}.Debug|Any CPU.Build.0 = Debug|Any CPU
		{72EB482A-A906-4102-878C-28F183FD8D8A}.Debug|x86.ActiveCfg = Debug|Any CPU
		{72EB482A-A906-4102-878C-28F183FD8D8A}.Debug|x86.Build.0 = Debug|Any CPU
		{72EB482A-A906-4102-878C-28F183FD8D8A}.Release|Any CPU.ActiveCfg = Release|Any CPU
		{72EB482A-A906-4102-878C-28F183FD8D8A}.Release|Any CPU.Build.0 = Release|Any CPU
		{72EB482A-A906-4102-878C-28F183FD8D8A}.Release|x86.ActiveCfg = Release|Any CPU
		{72EB482A-A906-4102-878C-28F183FD8D8A}.Release|x86.Build.0 = Release|Any CPU
		{03CB645E-A381-48E2-B354-05EAD16C8F13}.Debug|Any CPU.ActiveCfg = Debug|Any CPU
		{03CB645E-A381-48E2-B354-05EAD16C8F13}.Debug|Any CPU.Build.0 = Debug|Any CPU
		{03CB645E-A381-48E2-B354-05EAD16C8F13}.Debug|x86.ActiveCfg = Debug|Any CPU
		{03CB645E-A381-48E2-B354-05EAD16C8F13}.Debug|x86.Build.0 = Debug|Any CPU
		{03CB645E-A381-48E2-B354-05EAD16C8F13}.Release|Any CPU.ActiveCfg = Release|Any CPU
		{03CB645E-A381-48E2-B354-05EAD16C8F13}.Release|Any CPU.Build.0 = Release|Any CPU
		{03CB645E-A381-48E2-B354-05EAD16C8F13}.Release|x86.ActiveCfg = Release|Any CPU
		{03CB645E-A381-48E2-B354-05EAD16C8F13}.Release|x86.Build.0 = Release|Any CPU
		{619F257A-A916-4CA7-8A79-CC137BBAEB5B}.Debug|Any CPU.ActiveCfg = Debug|Any CPU
		{619F257A-A916-4CA7-8A79-CC137BBAEB5B}.Debug|Any CPU.Build.0 = Debug|Any CPU
		{619F257A-A916-4CA7-8A79-CC137BBAEB5B}.Debug|x86.ActiveCfg = Debug|Any CPU
		{619F257A-A916-4CA7-8A79-CC137BBAEB5B}.Debug|x86.Build.0 = Debug|Any CPU
		{619F257A-A916-4CA7-8A79-CC137BBAEB5B}.Release|Any CPU.ActiveCfg = Release|Any CPU
		{619F257A-A916-4CA7-8A79-CC137BBAEB5B}.Release|Any CPU.Build.0 = Release|Any CPU
		{619F257A-A916-4CA7-8A79-CC137BBAEB5B}.Release|x86.ActiveCfg = Release|Any CPU
		{619F257A-A916-4CA7-8A79-CC137BBAEB5B}.Release|x86.Build.0 = Release|Any CPU
		{08054A37-906B-46DB-B049-4C89DC9130F6}.Debug|Any CPU.ActiveCfg = Debug|Any CPU
		{08054A37-906B-46DB-B049-4C89DC9130F6}.Debug|Any CPU.Build.0 = Debug|Any CPU
		{08054A37-906B-46DB-B049-4C89DC9130F6}.Debug|x86.ActiveCfg = Debug|Any CPU
		{08054A37-906B-46DB-B049-4C89DC9130F6}.Debug|x86.Build.0 = Debug|Any CPU
		{08054A37-906B-46DB-B049-4C89DC9130F6}.Release|Any CPU.ActiveCfg = Release|Any CPU
		{08054A37-906B-46DB-B049-4C89DC9130F6}.Release|Any CPU.Build.0 = Release|Any CPU
		{08054A37-906B-46DB-B049-4C89DC9130F6}.Release|x86.ActiveCfg = Release|Any CPU
		{08054A37-906B-46DB-B049-4C89DC9130F6}.Release|x86.Build.0 = Release|Any CPU
		{23ABA422-DFC0-47A3-B2F2-669FB5921E1C}.Debug|Any CPU.ActiveCfg = Debug|Any CPU
		{23ABA422-DFC0-47A3-B2F2-669FB5921E1C}.Debug|Any CPU.Build.0 = Debug|Any CPU
		{23ABA422-DFC0-47A3-B2F2-669FB5921E1C}.Debug|x86.ActiveCfg = Debug|Any CPU
		{23ABA422-DFC0-47A3-B2F2-669FB5921E1C}.Debug|x86.Build.0 = Debug|Any CPU
		{23ABA422-DFC0-47A3-B2F2-669FB5921E1C}.Release|Any CPU.ActiveCfg = Release|Any CPU
		{23ABA422-DFC0-47A3-B2F2-669FB5921E1C}.Release|Any CPU.Build.0 = Release|Any CPU
		{23ABA422-DFC0-47A3-B2F2-669FB5921E1C}.Release|x86.ActiveCfg = Release|Any CPU
		{23ABA422-DFC0-47A3-B2F2-669FB5921E1C}.Release|x86.Build.0 = Release|Any CPU
		{32D674BA-CA27-424D-A92E-3FA5F95CC1BA}.Debug|Any CPU.ActiveCfg = Debug|Any CPU
		{32D674BA-CA27-424D-A92E-3FA5F95CC1BA}.Debug|Any CPU.Build.0 = Debug|Any CPU
		{32D674BA-CA27-424D-A92E-3FA5F95CC1BA}.Debug|x86.ActiveCfg = Debug|Any CPU
		{32D674BA-CA27-424D-A92E-3FA5F95CC1BA}.Debug|x86.Build.0 = Debug|Any CPU
		{32D674BA-CA27-424D-A92E-3FA5F95CC1BA}.Release|Any CPU.ActiveCfg = Release|Any CPU
		{32D674BA-CA27-424D-A92E-3FA5F95CC1BA}.Release|Any CPU.Build.0 = Release|Any CPU
		{32D674BA-CA27-424D-A92E-3FA5F95CC1BA}.Release|x86.ActiveCfg = Release|Any CPU
		{32D674BA-CA27-424D-A92E-3FA5F95CC1BA}.Release|x86.Build.0 = Release|Any CPU
		{53EC7607-EE52-4637-BFAE-3E0EDDC016D8}.Debug|Any CPU.ActiveCfg = Debug|Any CPU
		{53EC7607-EE52-4637-BFAE-3E0EDDC016D8}.Debug|Any CPU.Build.0 = Debug|Any CPU
		{53EC7607-EE52-4637-BFAE-3E0EDDC016D8}.Debug|x86.ActiveCfg = Debug|Any CPU
		{53EC7607-EE52-4637-BFAE-3E0EDDC016D8}.Debug|x86.Build.0 = Debug|Any CPU
		{53EC7607-EE52-4637-BFAE-3E0EDDC016D8}.Release|Any CPU.ActiveCfg = Release|Any CPU
		{53EC7607-EE52-4637-BFAE-3E0EDDC016D8}.Release|Any CPU.Build.0 = Release|Any CPU
		{53EC7607-EE52-4637-BFAE-3E0EDDC016D8}.Release|x86.ActiveCfg = Release|Any CPU
		{53EC7607-EE52-4637-BFAE-3E0EDDC016D8}.Release|x86.Build.0 = Release|Any CPU
		{9B9D880B-2CFB-44A5-A4EE-D16B35527EC3}.Debug|Any CPU.ActiveCfg = Debug|Any CPU
		{9B9D880B-2CFB-44A5-A4EE-D16B35527EC3}.Debug|Any CPU.Build.0 = Debug|Any CPU
		{9B9D880B-2CFB-44A5-A4EE-D16B35527EC3}.Debug|x86.ActiveCfg = Debug|Any CPU
		{9B9D880B-2CFB-44A5-A4EE-D16B35527EC3}.Debug|x86.Build.0 = Debug|Any CPU
		{9B9D880B-2CFB-44A5-A4EE-D16B35527EC3}.Release|Any CPU.ActiveCfg = Release|Any CPU
		{9B9D880B-2CFB-44A5-A4EE-D16B35527EC3}.Release|Any CPU.Build.0 = Release|Any CPU
		{9B9D880B-2CFB-44A5-A4EE-D16B35527EC3}.Release|x86.ActiveCfg = Release|Any CPU
		{9B9D880B-2CFB-44A5-A4EE-D16B35527EC3}.Release|x86.Build.0 = Release|Any CPU
		{0478CE14-9FCB-40D6-A9A9-62C8A8CD3292}.Debug|Any CPU.ActiveCfg = Debug|Any CPU
		{0478CE14-9FCB-40D6-A9A9-62C8A8CD3292}.Debug|Any CPU.Build.0 = Debug|Any CPU
		{0478CE14-9FCB-40D6-A9A9-62C8A8CD3292}.Debug|x86.ActiveCfg = Debug|Any CPU
		{0478CE14-9FCB-40D6-A9A9-62C8A8CD3292}.Debug|x86.Build.0 = Debug|Any CPU
		{0478CE14-9FCB-40D6-A9A9-62C8A8CD3292}.Release|Any CPU.ActiveCfg = Release|Any CPU
		{0478CE14-9FCB-40D6-A9A9-62C8A8CD3292}.Release|Any CPU.Build.0 = Release|Any CPU
		{0478CE14-9FCB-40D6-A9A9-62C8A8CD3292}.Release|x86.ActiveCfg = Release|Any CPU
		{0478CE14-9FCB-40D6-A9A9-62C8A8CD3292}.Release|x86.Build.0 = Release|Any CPU
		{0D23CDE1-4DAF-47F3-B00C-2009155429F2}.Debug|Any CPU.ActiveCfg = Debug|Any CPU
		{0D23CDE1-4DAF-47F3-B00C-2009155429F2}.Debug|Any CPU.Build.0 = Debug|Any CPU
		{0D23CDE1-4DAF-47F3-B00C-2009155429F2}.Debug|x86.ActiveCfg = Debug|Any CPU
		{0D23CDE1-4DAF-47F3-B00C-2009155429F2}.Debug|x86.Build.0 = Debug|Any CPU
		{0D23CDE1-4DAF-47F3-B00C-2009155429F2}.Release|Any CPU.ActiveCfg = Release|Any CPU
		{0D23CDE1-4DAF-47F3-B00C-2009155429F2}.Release|Any CPU.Build.0 = Release|Any CPU
		{0D23CDE1-4DAF-47F3-B00C-2009155429F2}.Release|x86.ActiveCfg = Release|Any CPU
		{0D23CDE1-4DAF-47F3-B00C-2009155429F2}.Release|x86.Build.0 = Release|Any CPU
		{546FE5B0-3364-4F46-BF0A-6E3F2BAE6796}.Debug|Any CPU.ActiveCfg = Debug|Any CPU
		{546FE5B0-3364-4F46-BF0A-6E3F2BAE6796}.Debug|Any CPU.Build.0 = Debug|Any CPU
		{546FE5B0-3364-4F46-BF0A-6E3F2BAE6796}.Debug|x86.ActiveCfg = Debug|Any CPU
		{546FE5B0-3364-4F46-BF0A-6E3F2BAE6796}.Debug|x86.Build.0 = Debug|Any CPU
		{546FE5B0-3364-4F46-BF0A-6E3F2BAE6796}.Release|Any CPU.ActiveCfg = Release|Any CPU
		{546FE5B0-3364-4F46-BF0A-6E3F2BAE6796}.Release|Any CPU.Build.0 = Release|Any CPU
		{546FE5B0-3364-4F46-BF0A-6E3F2BAE6796}.Release|x86.ActiveCfg = Release|Any CPU
		{546FE5B0-3364-4F46-BF0A-6E3F2BAE6796}.Release|x86.Build.0 = Release|Any CPU
		{83A28C00-E236-4886-A2E7-C7EE6CA97C1F}.Debug|Any CPU.ActiveCfg = Debug|Any CPU
		{83A28C00-E236-4886-A2E7-C7EE6CA97C1F}.Debug|Any CPU.Build.0 = Debug|Any CPU
		{83A28C00-E236-4886-A2E7-C7EE6CA97C1F}.Debug|x86.ActiveCfg = Debug|Any CPU
		{83A28C00-E236-4886-A2E7-C7EE6CA97C1F}.Debug|x86.Build.0 = Debug|Any CPU
		{83A28C00-E236-4886-A2E7-C7EE6CA97C1F}.Release|Any CPU.ActiveCfg = Release|Any CPU
		{83A28C00-E236-4886-A2E7-C7EE6CA97C1F}.Release|Any CPU.Build.0 = Release|Any CPU
		{83A28C00-E236-4886-A2E7-C7EE6CA97C1F}.Release|x86.ActiveCfg = Release|Any CPU
		{83A28C00-E236-4886-A2E7-C7EE6CA97C1F}.Release|x86.Build.0 = Release|Any CPU
		{00370FAB-1C0C-4BE3-8906-FFC8C43468D1}.Debug|Any CPU.ActiveCfg = Debug|Any CPU
		{00370FAB-1C0C-4BE3-8906-FFC8C43468D1}.Debug|Any CPU.Build.0 = Debug|Any CPU
		{00370FAB-1C0C-4BE3-8906-FFC8C43468D1}.Debug|x86.ActiveCfg = Debug|Any CPU
		{00370FAB-1C0C-4BE3-8906-FFC8C43468D1}.Debug|x86.Build.0 = Debug|Any CPU
		{00370FAB-1C0C-4BE3-8906-FFC8C43468D1}.Release|Any CPU.ActiveCfg = Release|Any CPU
		{00370FAB-1C0C-4BE3-8906-FFC8C43468D1}.Release|Any CPU.Build.0 = Release|Any CPU
		{00370FAB-1C0C-4BE3-8906-FFC8C43468D1}.Release|x86.ActiveCfg = Release|Any CPU
		{00370FAB-1C0C-4BE3-8906-FFC8C43468D1}.Release|x86.Build.0 = Release|Any CPU
		{6AF197D0-4918-44CD-9BA2-26B819902570}.Debug|Any CPU.ActiveCfg = Debug|Any CPU
		{6AF197D0-4918-44CD-9BA2-26B819902570}.Debug|Any CPU.Build.0 = Debug|Any CPU
		{6AF197D0-4918-44CD-9BA2-26B819902570}.Debug|x86.ActiveCfg = Debug|Any CPU
		{6AF197D0-4918-44CD-9BA2-26B819902570}.Debug|x86.Build.0 = Debug|Any CPU
		{6AF197D0-4918-44CD-9BA2-26B819902570}.Release|Any CPU.ActiveCfg = Release|Any CPU
		{6AF197D0-4918-44CD-9BA2-26B819902570}.Release|Any CPU.Build.0 = Release|Any CPU
		{6AF197D0-4918-44CD-9BA2-26B819902570}.Release|x86.ActiveCfg = Release|Any CPU
		{6AF197D0-4918-44CD-9BA2-26B819902570}.Release|x86.Build.0 = Release|Any CPU
		{FAACAE35-1B33-4D0C-8E02-DD86DC3AC5E8}.Debug|Any CPU.ActiveCfg = Debug|Any CPU
		{FAACAE35-1B33-4D0C-8E02-DD86DC3AC5E8}.Debug|Any CPU.Build.0 = Debug|Any CPU
		{FAACAE35-1B33-4D0C-8E02-DD86DC3AC5E8}.Debug|x86.ActiveCfg = Debug|Any CPU
		{FAACAE35-1B33-4D0C-8E02-DD86DC3AC5E8}.Debug|x86.Build.0 = Debug|Any CPU
		{FAACAE35-1B33-4D0C-8E02-DD86DC3AC5E8}.Release|Any CPU.ActiveCfg = Release|Any CPU
		{FAACAE35-1B33-4D0C-8E02-DD86DC3AC5E8}.Release|Any CPU.Build.0 = Release|Any CPU
		{FAACAE35-1B33-4D0C-8E02-DD86DC3AC5E8}.Release|x86.ActiveCfg = Release|Any CPU
		{FAACAE35-1B33-4D0C-8E02-DD86DC3AC5E8}.Release|x86.Build.0 = Release|Any CPU
		{CD9590E7-4A5C-4AD0-9368-FCB98AA9568D}.Debug|Any CPU.ActiveCfg = Debug|Any CPU
		{CD9590E7-4A5C-4AD0-9368-FCB98AA9568D}.Debug|Any CPU.Build.0 = Debug|Any CPU
		{CD9590E7-4A5C-4AD0-9368-FCB98AA9568D}.Debug|x86.ActiveCfg = Debug|Any CPU
		{CD9590E7-4A5C-4AD0-9368-FCB98AA9568D}.Debug|x86.Build.0 = Debug|Any CPU
		{CD9590E7-4A5C-4AD0-9368-FCB98AA9568D}.Release|Any CPU.ActiveCfg = Release|Any CPU
		{CD9590E7-4A5C-4AD0-9368-FCB98AA9568D}.Release|Any CPU.Build.0 = Release|Any CPU
		{CD9590E7-4A5C-4AD0-9368-FCB98AA9568D}.Release|x86.ActiveCfg = Release|Any CPU
		{CD9590E7-4A5C-4AD0-9368-FCB98AA9568D}.Release|x86.Build.0 = Release|Any CPU
		{727C44EC-48A1-480E-BB72-D175B6EE3835}.Debug|Any CPU.ActiveCfg = Debug|Any CPU
		{727C44EC-48A1-480E-BB72-D175B6EE3835}.Debug|Any CPU.Build.0 = Debug|Any CPU
		{727C44EC-48A1-480E-BB72-D175B6EE3835}.Debug|x86.ActiveCfg = Debug|Any CPU
		{727C44EC-48A1-480E-BB72-D175B6EE3835}.Debug|x86.Build.0 = Debug|Any CPU
		{727C44EC-48A1-480E-BB72-D175B6EE3835}.Release|Any CPU.ActiveCfg = Release|Any CPU
		{727C44EC-48A1-480E-BB72-D175B6EE3835}.Release|Any CPU.Build.0 = Release|Any CPU
		{727C44EC-48A1-480E-BB72-D175B6EE3835}.Release|x86.ActiveCfg = Release|Any CPU
		{727C44EC-48A1-480E-BB72-D175B6EE3835}.Release|x86.Build.0 = Release|Any CPU
		{C71CFBC5-32CB-4C42-AA8E-50A989C794DB}.Debug|Any CPU.ActiveCfg = Debug|Any CPU
		{C71CFBC5-32CB-4C42-AA8E-50A989C794DB}.Debug|Any CPU.Build.0 = Debug|Any CPU
		{C71CFBC5-32CB-4C42-AA8E-50A989C794DB}.Debug|x86.ActiveCfg = Debug|Any CPU
		{C71CFBC5-32CB-4C42-AA8E-50A989C794DB}.Debug|x86.Build.0 = Debug|Any CPU
		{C71CFBC5-32CB-4C42-AA8E-50A989C794DB}.Release|Any CPU.ActiveCfg = Release|Any CPU
		{C71CFBC5-32CB-4C42-AA8E-50A989C794DB}.Release|Any CPU.Build.0 = Release|Any CPU
		{C71CFBC5-32CB-4C42-AA8E-50A989C794DB}.Release|x86.ActiveCfg = Release|Any CPU
		{C71CFBC5-32CB-4C42-AA8E-50A989C794DB}.Release|x86.Build.0 = Release|Any CPU
		{47D61B75-FFB2-4F62-B97D-490C024C50D5}.Debug|Any CPU.ActiveCfg = Debug|Any CPU
		{47D61B75-FFB2-4F62-B97D-490C024C50D5}.Debug|Any CPU.Build.0 = Debug|Any CPU
		{47D61B75-FFB2-4F62-B97D-490C024C50D5}.Debug|x86.ActiveCfg = Debug|Any CPU
		{47D61B75-FFB2-4F62-B97D-490C024C50D5}.Debug|x86.Build.0 = Debug|Any CPU
		{47D61B75-FFB2-4F62-B97D-490C024C50D5}.Release|Any CPU.ActiveCfg = Release|Any CPU
		{47D61B75-FFB2-4F62-B97D-490C024C50D5}.Release|Any CPU.Build.0 = Release|Any CPU
		{47D61B75-FFB2-4F62-B97D-490C024C50D5}.Release|x86.ActiveCfg = Release|Any CPU
		{47D61B75-FFB2-4F62-B97D-490C024C50D5}.Release|x86.Build.0 = Release|Any CPU
		{6118AFEB-959C-42DA-927C-4AF603F83C1E}.Debug|Any CPU.ActiveCfg = Debug|Any CPU
		{6118AFEB-959C-42DA-927C-4AF603F83C1E}.Debug|Any CPU.Build.0 = Debug|Any CPU
		{6118AFEB-959C-42DA-927C-4AF603F83C1E}.Debug|x86.ActiveCfg = Debug|Any CPU
		{6118AFEB-959C-42DA-927C-4AF603F83C1E}.Debug|x86.Build.0 = Debug|Any CPU
		{6118AFEB-959C-42DA-927C-4AF603F83C1E}.Release|Any CPU.ActiveCfg = Release|Any CPU
		{6118AFEB-959C-42DA-927C-4AF603F83C1E}.Release|Any CPU.Build.0 = Release|Any CPU
		{6118AFEB-959C-42DA-927C-4AF603F83C1E}.Release|x86.ActiveCfg = Release|Any CPU
		{6118AFEB-959C-42DA-927C-4AF603F83C1E}.Release|x86.Build.0 = Release|Any CPU
		{3A7EB8E4-B75C-48A8-B734-41AB30CA2AF4}.Debug|Any CPU.ActiveCfg = Debug|Any CPU
		{3A7EB8E4-B75C-48A8-B734-41AB30CA2AF4}.Debug|Any CPU.Build.0 = Debug|Any CPU
		{3A7EB8E4-B75C-48A8-B734-41AB30CA2AF4}.Debug|x86.ActiveCfg = Debug|Any CPU
		{3A7EB8E4-B75C-48A8-B734-41AB30CA2AF4}.Debug|x86.Build.0 = Debug|Any CPU
		{3A7EB8E4-B75C-48A8-B734-41AB30CA2AF4}.Release|Any CPU.ActiveCfg = Release|Any CPU
		{3A7EB8E4-B75C-48A8-B734-41AB30CA2AF4}.Release|Any CPU.Build.0 = Release|Any CPU
		{3A7EB8E4-B75C-48A8-B734-41AB30CA2AF4}.Release|x86.ActiveCfg = Release|Any CPU
		{3A7EB8E4-B75C-48A8-B734-41AB30CA2AF4}.Release|x86.Build.0 = Release|Any CPU
		{FE914E94-F491-42D0-B321-4C7F16F7FB29}.Debug|Any CPU.ActiveCfg = Debug|Any CPU
		{FE914E94-F491-42D0-B321-4C7F16F7FB29}.Debug|Any CPU.Build.0 = Debug|Any CPU
		{FE914E94-F491-42D0-B321-4C7F16F7FB29}.Debug|x86.ActiveCfg = Debug|Any CPU
		{FE914E94-F491-42D0-B321-4C7F16F7FB29}.Debug|x86.Build.0 = Debug|Any CPU
		{FE914E94-F491-42D0-B321-4C7F16F7FB29}.Release|Any CPU.ActiveCfg = Release|Any CPU
		{FE914E94-F491-42D0-B321-4C7F16F7FB29}.Release|Any CPU.Build.0 = Release|Any CPU
		{FE914E94-F491-42D0-B321-4C7F16F7FB29}.Release|x86.ActiveCfg = Release|Any CPU
		{FE914E94-F491-42D0-B321-4C7F16F7FB29}.Release|x86.Build.0 = Release|Any CPU
		{EBFEC28D-131B-467F-9E0A-32A4E5ADF46F}.Debug|Any CPU.ActiveCfg = Debug|x86
		{EBFEC28D-131B-467F-9E0A-32A4E5ADF46F}.Debug|x86.ActiveCfg = Debug|x86
		{EBFEC28D-131B-467F-9E0A-32A4E5ADF46F}.Debug|x86.Build.0 = Debug|x86
		{EBFEC28D-131B-467F-9E0A-32A4E5ADF46F}.Release|Any CPU.ActiveCfg = Release|x86
		{EBFEC28D-131B-467F-9E0A-32A4E5ADF46F}.Release|x86.ActiveCfg = Release|x86
		{EBFEC28D-131B-467F-9E0A-32A4E5ADF46F}.Release|x86.Build.0 = Release|x86
	EndGlobalSection
	GlobalSection(SolutionProperties) = preSolution
		HideSolutionNode = FALSE
	EndGlobalSection
	GlobalSection(NestedProjects) = preSolution
		{468015E9-66D9-4808-A873-C1C412897FD2} = {0A14A4AB-D307-4C93-A182-D1D6B31B450A}
		{F2C784C5-D000-41B1-9085-383026889862} = {0A14A4AB-D307-4C93-A182-D1D6B31B450A}
		{72EB482A-A906-4102-878C-28F183FD8D8A} = {4B3439F0-5E6E-4512-A596-49EE423FD819}
		{03CB645E-A381-48E2-B354-05EAD16C8F13} = {4B3439F0-5E6E-4512-A596-49EE423FD819}
		{08054A37-906B-46DB-B049-4C89DC9130F6} = {198EAAB5-2422-4E08-821A-CF867A6C1C12}
		{23ABA422-DFC0-47A3-B2F2-669FB5921E1C} = {198EAAB5-2422-4E08-821A-CF867A6C1C12}
		{32D674BA-CA27-424D-A92E-3FA5F95CC1BA} = {4B3439F0-5E6E-4512-A596-49EE423FD819}
		{9B9D880B-2CFB-44A5-A4EE-D16B35527EC3} = {FF80AC77-2B10-4A8D-9EC0-D092E67983BA}
		{0478CE14-9FCB-40D6-A9A9-62C8A8CD3292} = {FF80AC77-2B10-4A8D-9EC0-D092E67983BA}
		{0D23CDE1-4DAF-47F3-B00C-2009155429F2} = {ADD2BE03-6387-4D75-9132-DAB85EDB7EC0}
		{546FE5B0-3364-4F46-BF0A-6E3F2BAE6796} = {7D624DFC-FC72-48EF-AE77-3AA04B3283E6}
		{83A28C00-E236-4886-A2E7-C7EE6CA97C1F} = {30F45B6B-2FC0-4648-A07C-9653C555A99A}
		{00370FAB-1C0C-4BE3-8906-FFC8C43468D1} = {ADD2BE03-6387-4D75-9132-DAB85EDB7EC0}
		{6AF197D0-4918-44CD-9BA2-26B819902570} = {ADD2BE03-6387-4D75-9132-DAB85EDB7EC0}
		{FAACAE35-1B33-4D0C-8E02-DD86DC3AC5E8} = {ADD2BE03-6387-4D75-9132-DAB85EDB7EC0}
		{CD9590E7-4A5C-4AD0-9368-FCB98AA9568D} = {ADD2BE03-6387-4D75-9132-DAB85EDB7EC0}
		{727C44EC-48A1-480E-BB72-D175B6EE3835} = {ADD2BE03-6387-4D75-9132-DAB85EDB7EC0}
		{47D61B75-FFB2-4F62-B97D-490C024C50D5} = {F1FE24F9-7EB9-4F9D-A62C-03FFA05F0453}
		{6118AFEB-959C-42DA-927C-4AF603F83C1E} = {F1FE24F9-7EB9-4F9D-A62C-03FFA05F0453}
		{3A7EB8E4-B75C-48A8-B734-41AB30CA2AF4} = {F1FE24F9-7EB9-4F9D-A62C-03FFA05F0453}
		{FE914E94-F491-42D0-B321-4C7F16F7FB29} = {63109015-BD78-48E9-AEF8-7C49E86A5C80}
		{EBFEC28D-131B-467F-9E0A-32A4E5ADF46F} = {63109015-BD78-48E9-AEF8-7C49E86A5C80}
	EndGlobalSection
	GlobalSection(ExtensibilityGlobals) = postSolution
		SolutionGuid = {EC9E1EC9-9157-4855-909E-ECE34ECD570A}
	EndGlobalSection
EndGlobal
